
Microsoft Visual Studio Solution File, Format Version 12.00
# Visual Studio 15
VisualStudioVersion = 15.0.28307.757
MinimumVisualStudioVersion = 10.0.40219.1
Project("{FAE04EC0-301F-11D3-BF4B-00C04F79EFBC}") = "PWC.AET.Platform.SeleniumTest", "PWC.AET.Platform.SeleniumTest\PWC.AET.Platform.SeleniumTest.csproj", "{49B347B3-903D-48DF-B838-C04D703D51EE}"
EndProject
Global
	GlobalSection(SolutionConfigurationPlatforms) = preSolution
		Debug|Any CPU = Debug|Any CPU
		Release|Any CPU = Release|Any CPU
	EndGlobalSection
	GlobalSection(ProjectConfigurationPlatforms) = postSolution
		{49B347B3-903D-48DF-B838-C04D703D51EE}.Debug|Any CPU.ActiveCfg = Debug|Any CPU
		{49B347B3-903D-48DF-B838-C04D703D51EE}.Debug|Any CPU.Build.0 = Debug|Any CPU
		{49B347B3-903D-48DF-B838-C04D703D51EE}.Release|Any CPU.ActiveCfg = Release|Any CPU
		{49B347B3-903D-48DF-B838-C04D703D51EE}.Release|Any CPU.Build.0 = Release|Any CPU
	EndGlobalSection
	GlobalSection(SolutionProperties) = preSolution
		HideSolutionNode = FALSE
	EndGlobalSection
	GlobalSection(ExtensibilityGlobals) = postSolution
		SolutionGuid = {B6059C66-B27B-48AE-9468-6C650025ECCA}
	EndGlobalSection
EndGlobal
